PODS:
  - Alamofire (3.4.0)
  - PKHUD (3.1.0)
  - SDWebImage (3.7.6):
    - SDWebImage/Core (= 3.7.6)
  - SDWebImage/Core (3.7.6)
  - SwiftyJSON (2.3.2)

DEPENDENCIES:
  - Alamofire
  - PKHUD
  - SDWebImage
  - SwiftyJSON

SPEC CHECKSUMS:
  Alamofire: c19a627cefd6a95f840401c49ab1f124e07f54ee
  PKHUD: 4167eccdb1b3a892fd80ce2b51cb6ba412a889ab
  SDWebImage: c325cf02c30337336b95beff20a13df489ec0ec9
  SwiftyJSON: 04ccea08915aa0109039157c7974cf0298da292a

PODFILE CHECKSUM: a2c4720f365f77bebc5a30f676caf31634daab08

COCOAPODS: 1.0.0.beta.8
