// !$*UTF8*$!
{
	archiveVersion = 1;
	classes = {
	};
	objectVersion = 46;
	objects = {

/* Begin PBXBuildFile section */
		1179B4521CEA0EF10077C57D /* AppDelegate.swift in Sources */ = {isa = PBXBuildFile; fileRef = 1179B4511CEA0EF10077C57D /* AppDelegate.swift */; };
		1179B4571CEA0EF10077C57D /* Main.storyboard in Resources */ = {isa = PBXBuildFile; fileRef = 1179B4551CEA0EF10077C57D /* Main.storyboard */; };
		1179B4591CEA0EF10077C57D /* Assets.xcassets in Resources */ = {isa = PBXBuildFile; fileRef = 1179B4581CEA0EF10077C57D /* Assets.xcassets */; };
		1179B45C1CEA0EF10077C57D /* LaunchScreen.storyboard in Resources */ = {isa = PBXBuildFile; fileRef = 1179B45A1CEA0EF10077C57D /* LaunchScreen.storyboard */; };
		11B749CC1CEB0F280036243B /* Main_TableViewController.swift in Sources */ = {isa = PBXBuildFile; fileRef = 11B749CB1CEB0F280036243B /* Main_TableViewController.swift */; };
		11B749CE1CEB0F410036243B /* Main_TableViewCell.swift in Sources */ = {isa = PBXBuildFile; fileRef = 11B749CD1CEB0F410036243B /* Main_TableViewCell.swift */; };
		11B749D01CEB11590036243B /* APICall.swift in Sources */ = {isa = PBXBuildFile; fileRef = 11B749CF1CEB11590036243B /* APICall.swift */; };
		11B749D21CEB12310036243B /* AnimalInfoWarehouse.swift in Sources */ = {isa = PBXBuildFile; fileRef = 11B749D11CEB12310036243B /* AnimalInfoWarehouse.swift */; };
		11B749D51CEB19380036243B /* insertRecord_ViewController.swift in Sources */ = {isa = PBXBuildFile; fileRef = 11B749D41CEB19380036243B /* insertRecord_ViewController.swift */; };
		54ED3E74D79F673622DE2F9A /* Pods_ALPHACamp_finalAssessment_Q5.framework in Frameworks */ = {isa = PBXBuildFile; fileRef = 0A655C885D517092494E2789 /* Pods_ALPHACamp_finalAssessment_Q5.framework */; };
/* End PBXBuildFile section */

/* Begin PBXFileReference section */
		0A655C885D517092494E2789 /* Pods_ALPHACamp_finalAssessment_Q5.framework */ = {isa = PBXFileReference; explicitFileType = wrapper.framework; includeInIndex = 0; path = Pods_ALPHACamp_finalAssessment_Q5.framework; sourceTree = BUILT_PRODUCTS_DIR; };
		1179B44E1CEA0EF10077C57D /* ALPHACamp_finalAssessment_Q5.app */ = {isa = PBXFileReference; explicitFileType = wrapper.application; includeInIndex = 0; path = ALPHACamp_finalAssessment_Q5.app; sourceTree = BUILT_PRODUCTS_DIR; };
		1179B4511CEA0EF10077C57D /* AppDelegate.swift */ = {isa = PBXFileReference; lastKnownFileType = sourcecode.swift; path = AppDelegate.swift; sourceTree = "<group>"; };
		1179B4561CEA0EF10077C57D /* Base */ = {isa = PBXFileReference; lastKnownFileType = file.storyboard; name = Base; path = Base.lproj/Main.storyboard; sourceTree = "<group>"; };
		1179B4581CEA0EF10077C57D /* Assets.xcassets */ = {isa = PBXFileReference; lastKnownFileType = folder.assetcatalog; path = Assets.xcassets; sourceTree = "<group>"; };
		1179B45B1CEA0EF10077C57D /* Base */ = {isa = PBXFileReference; lastKnownFileType = file.storyboard; name = Base; path = Base.lproj/LaunchScreen.storyboard; sourceTree = "<group>"; };
		1179B45D1CEA0EF10077C57D /* Info.plist */ = {isa = PBXFileReference; lastKnownFileType = text.plist.xml; path = Info.plist; sourceTree = "<group>"; };
		11B749CB1CEB0F280036243B /* Main_TableViewController.swift */ = {isa = PBXFileReference; fileEncoding = 4; lastKnownFileType = sourcecode.swift; path = Main_TableViewController.swift; sourceTree = "<group>"; };
		11B749CD1CEB0F410036243B /* Main_TableViewCell.swift */ = {isa = PBXFileReference; fileEncoding = 4; lastKnownFileType = sourcecode.swift; path = Main_TableViewCell.swift; sourceTree = "<group>"; };
		11B749CF1CEB11590036243B /* APICall.swift */ = {isa = PBXFileReference; fileEncoding = 4; lastKnownFileType = sourcecode.swift; path = APICall.swift; sourceTree = "<group>"; };
		11B749D11CEB12310036243B /* AnimalInfoWarehouse.swift */ = {isa = PBXFileReference; fileEncoding = 4; lastKnownFileType = sourcecode.swift; path = AnimalInfoWarehouse.swift; sourceTree = "<group>"; };
		11B749D41CEB19380036243B /* insertRecord_ViewController.swift */ = {isa = PBXFileReference; fileEncoding = 4; lastKnownFileType = sourcecode.swift; path = insertRecord_ViewController.swift; sourceTree = "<group>"; };
		B753CFEB6C902D8A231148C5 /* Pods-ALPHACamp_finalAssessment_Q5.debug.xcconfig */ = {isa = PBXFileReference; includeInIndex = 1; lastKnownFileType = text.xcconfig; name = "Pods-ALPHACamp_finalAssessment_Q5.debug.xcconfig"; path = "Pods/Target Support Files/Pods-ALPHACamp_finalAssessment_Q5/Pods-ALPHACamp_finalAssessment_Q5.debug.xcconfig"; sourceTree = "<group>"; };
		FBE53631775863DC558B6719 /* Pods-ALPHACamp_finalAssessment_Q5.release.xcconfig */ = {isa = PBXFileReference; includeInIndex = 1; lastKnownFileType = text.xcconfig; name = "Pods-ALPHACamp_finalAssessment_Q5.release.xcconfig"; path = "Pods/Target Support Files/Pods-ALPHACamp_finalAssessment_Q5/Pods-ALPHACamp_finalAssessment_Q5.release.xcconfig"; sourceTree = "<group>"; };
/* End PBXFileReference section */

/* Begin PBXFrameworksBuildPhase section */
		1179B44B1CEA0EF10077C57D /* Frameworks */ = {
			isa = PBXFrameworksBuildPhase;
			buildActionMask = 2147483647;
			files = (
				54ED3E74D79F673622DE2F9A /* Pods_ALPHACamp_finalAssessment_Q5.framework in Frameworks */,
			);
			runOnlyForDeploymentPostprocessing = 0;
		};
/* End PBXFrameworksBuildPhase section */

/* Begin PBXGroup section */
		1179B4451CEA0EF10077C57D = {
			isa = PBXGroup;
			children = (
				1179B4501CEA0EF10077C57D /* ALPHACamp_finalAssessment_Q5 */,
				1179B44F1CEA0EF10077C57D /* Products */,
				BB40ACAAF4464079B89F1D36 /* Pods */,
				9F5E867282EB2E15A46F7B81 /* Frameworks */,
			);
			sourceTree = "<group>";
		};
		1179B44F1CEA0EF10077C57D /* Products */ = {
			isa = PBXGroup;
			children = (
				1179B44E1CEA0EF10077C57D /* ALPHACamp_finalAssessment_Q5.app */,
			);
			name = Products;
			sourceTree = "<group>";
		};
		1179B4501CEA0EF10077C57D /* ALPHACamp_finalAssessment_Q5 */ = {
			isa = PBXGroup;
			children = (
				11B749CA1CEB0EE90036243B /* APICall */,
				11B749D31CEB12380036243B /* DataModel */,
				1179B4511CEA0EF10077C57D /* AppDelegate.swift */,
				11B749D41CEB19380036243B /* insertRecord_ViewController.swift */,
				11B749CD1CEB0F410036243B /* Main_TableViewCell.swift */,
				11B749CB1CEB0F280036243B /* Main_TableViewController.swift */,
				1179B4551CEA0EF10077C57D /* Main.storyboard */,
				1179B4581CEA0EF10077C57D /* Assets.xcassets */,
				1179B45A1CEA0EF10077C57D /* LaunchScreen.storyboard */,
				1179B45D1CEA0EF10077C57D /* Info.plist */,
			);
			path = ALPHACamp_finalAssessment_Q5;
			sourceTree = "<group>";
		};
		11B749CA1CEB0EE90036243B /* APICall */ = {
			isa = PBXGroup;
			children = (
				11B749CF1CEB11590036243B /* APICall.swift */,
			);
			name = APICall;
			sourceTree = "<group>";
		};
		11B749D31CEB12380036243B /* DataModel */ = {
			isa = PBXGroup;
			children = (
				11B749D11CEB12310036243B /* AnimalInfoWarehouse.swift */,
			);
			name = DataModel;
			sourceTree = "<group>";
		};
		9F5E867282EB2E15A46F7B81 /* Frameworks */ = {
			isa = PBXGroup;
			children = (
				0A655C885D517092494E2789 /* Pods_ALPHACamp_finalAssessment_Q5.framework */,
			);
			name = Frameworks;
			sourceTree = "<group>";
		};
		BB40ACAAF4464079B89F1D36 /* Pods */ = {
			isa = PBXGroup;
			children = (
				B753CFEB6C902D8A231148C5 /* Pods-ALPHACamp_finalAssessment_Q5.debug.xcconfig */,
				FBE53631775863DC558B6719 /* Pods-ALPHACamp_finalAssessment_Q5.release.xcconfig */,
			);
			name = Pods;
			sourceTree = "<group>";
		};
/* End PBXGroup section */

/* Begin PBXNativeTarget section */
		1179B44D1CEA0EF10077C57D /* ALPHACamp_finalAssessment_Q5 */ = {
			isa = PBXNativeTarget;
			buildConfigurationList = 1179B4601CEA0EF10077C57D /* Build configuration list for PBXNativeTarget "ALPHACamp_finalAssessment_Q5" */;
			buildPhases = (
				215A2198D9ABC6DB4C48CE19 /* 📦 Check Pods Manifest.lock */,
				1179B44A1CEA0EF10077C57D /* Sources */,
				1179B44B1CEA0EF10077C57D /* Frameworks */,
				1179B44C1CEA0EF10077C57D /* Resources */,
				8DC160F36CF7CA6EF72C9E51 /* 📦 Embed Pods Frameworks */,
				2E56835175A302B6DC7A4F95 /* 📦 Copy Pods Resources */,
			);
			buildRules = (
			);
			dependencies = (
			);
			name = ALPHACamp_finalAssessment_Q5;
			productName = ALPHACamp_finalAssessment_Q5;
			productReference = 1179B44E1CEA0EF10077C57D /* ALPHACamp_finalAssessment_Q5.app */;
			productType = "com.apple.product-type.application";
		};
/* End PBXNativeTarget section */

/* Begin PBXProject section */
		1179B4461CEA0EF10077C57D /* Project object */ = {
			isa = PBXProject;
			attributes = {
				LastSwiftUpdateCheck = 0730;
				LastUpgradeCheck = 0730;
				ORGANIZATIONNAME = "Ka Ho";
				TargetAttributes = {
					1179B44D1CEA0EF10077C57D = {
						CreatedOnToolsVersion = 7.3.1;
						DevelopmentTeam = KX6H57GMQW;
					};
				};
			};
			buildConfigurationList = 1179B4491CEA0EF10077C57D /* Build configuration list for PBXProject "ALPHACamp_finalAssessment_Q5" */;
			compatibilityVersion = "Xcode 3.2";
			developmentRegion = English;
			hasScannedForEncodings = 0;
			knownRegions = (
				en,
				Base,
			);
			mainGroup = 1179B4451CEA0EF10077C57D;
			productRefGroup = 1179B44F1CEA0EF10077C57D /* Products */;
			projectDirPath = "";
			projectRoot = "";
			targets = (
				1179B44D1CEA0EF10077C57D /* ALPHACamp_finalAssessment_Q5 */,
			);
		};
/* End PBXProject section */

/* Begin PBXResourcesBuildPhase section */
		1179B44C1CEA0EF10077C57D /* Resources */ = {
			isa = PBXResourcesBuildPhase;
			buildActionMask = 2147483647;
			files = (
				1179B45C1CEA0EF10077C57D /* LaunchScreen.storyboard in Resources */,
				1179B4591CEA0EF10077C57D /* Assets.xcassets in Resources */,
				1179B4571CEA0EF10077C57D /* Main.storyboard in Resources */,
			);
			runOnlyForDeploymentPostprocessing = 0;
		};
/* End PBXResourcesBuildPhase section */

/* Begin PBXShellScriptBuildPhase section */
		215A2198D9ABC6DB4C48CE19 /* 📦 Check Pods Manifest.lock */ = {
			isa = PBXShellScriptBuildPhase;
			buildActionMask = 2147483647;
			files = (
			);
			inputPaths = (
			);
			name = "📦 Check Pods Manifest.lock";
			outputPaths = (
			);
			runOnlyForDeploymentPostprocessing = 0;
			shellPath = /bin/sh;
			shellScript = "diff \"${PODS_ROOT}/../Podfile.lock\" \"${PODS_ROOT}/Manifest.lock\" > /dev/null\nif [[ $? != 0 ]] ; then\n    cat << EOM\nerror: The sandbox is not in sync with the Podfile.lock. Run 'pod install' or update your CocoaPods installation.\nEOM\n    exit 1\nfi\n";
			showEnvVarsInLog = 0;
		};
		2E56835175A302B6DC7A4F95 /* 📦 Copy Pods Resources */ = {
			isa = PBXShellScriptBuildPhase;
			buildActionMask = 2147483647;
			files = (
			);
			inputPaths = (
			);
			name = "📦 Copy Pods Resources";
			outputPaths = (
			);
			runOnlyForDeploymentPostprocessing = 0;
			shellPath = /bin/sh;
			shellScript = "\"${SRCROOT}/Pods/Target Support Files/Pods-ALPHACamp_finalAssessment_Q5/Pods-ALPHACamp_finalAssessment_Q5-resources.sh\"\n";
			showEnvVarsInLog = 0;
		};
		8DC160F36CF7CA6EF72C9E51 /* 📦 Embed Pods Frameworks */ = {
			isa = PBXShellScriptBuildPhase;
			buildActionMask = 2147483647;
			files = (
			);
			inputPaths = (
			);
			name = "📦 Embed Pods Frameworks";
			outputPaths = (
			);
			runOnlyForDeploymentPostprocessing = 0;
			shellPath = /bin/sh;
			shellScript = "\"${SRCROOT}/Pods/Target Support Files/Pods-ALPHACamp_finalAssessment_Q5/Pods-ALPHACamp_finalAssessment_Q5-frameworks.sh\"\n";
			showEnvVarsInLog = 0;
		};
/* End PBXShellScriptBuildPhase section */

/* Begin PBXSourcesBuildPhase section */
		1179B44A1CEA0EF10077C57D /* Sources */ = {
			isa = PBXSourcesBuildPhase;
			buildActionMask = 2147483647;
			files = (
				11B749D51CEB19380036243B /* insertRecord_ViewController.swift in Sources */,
				1179B4521CEA0EF10077C57D /* AppDelegate.swift in Sources */,
				11B749D21CEB12310036243B /* AnimalInfoWarehouse.swift in Sources */,
				11B749CE1CEB0F410036243B /* Main_TableViewCell.swift in Sources */,
				11B749D01CEB11590036243B /* APICall.swift in Sources */,
				11B749CC1CEB0F280036243B /* Main_TableViewController.swift in Sources */,
			);
			runOnlyForDeploymentPostprocessing = 0;
		};
/* End PBXSourcesBuildPhase section */

/* Begin PBXVariantGroup section */
		1179B4551CEA0EF10077C57D /* Main.storyboard */ = {
			isa = PBXVariantGroup;
			children = (
				1179B4561CEA0EF10077C57D /* Base */,
			);
			name = Main.storyboard;
			sourceTree = "<group>";
		};
		1179B45A1CEA0EF10077C57D /* LaunchScreen.storyboard */ = {
			isa = PBXVariantGroup;
			children = (
				1179B45B1CEA0EF10077C57D /* Base */,
			);
			name = LaunchScreen.storyboard;
			sourceTree = "<group>";
		};
/* End PBXVariantGroup section */

/* Begin XCBuildConfiguration section */
		1179B45E1CEA0EF10077C57D /* Debug */ = {
			isa = XCBuildConfiguration;
			buildSettings = {
				ALWAYS_SEARCH_USER_PATHS = NO;
				CLANG_ANALYZER_NONNULL = YES;
				CLANG_CXX_LANGUAGE_STANDARD = "gnu++0x";
				CLANG_CXX_LIBRARY = "libc++";
				CLANG_ENABLE_MODULES = YES;
				CLANG_ENABLE_OBJC_ARC = YES;
				CLANG_WARN_BOOL_CONVERSION = YES;
				CLANG_WARN_CONSTANT_CONVERSION = YES;
				CLANG_WARN_DIRECT_OBJC_ISA_USAGE = YES_ERROR;
				CLANG_WARN_EMPTY_BODY = YES;
				CLANG_WARN_ENUM_CONVERSION = YES;
				CLANG_WARN_INT_CONVERSION = YES;
				CLANG_WARN_OBJC_ROOT_CLASS = YES_ERROR;
				CLANG_WARN_UNREACHABLE_CODE = YES;
				CLANG_WARN__DUPLICATE_METHOD_MATCH = YES;
				"CODE_SIGN_IDENTITY[sdk=iphoneos*]" = "iPhone Developer";
				COPY_PHASE_STRIP = NO;
				DEBUG_INFORMATION_FORMAT = dwarf;
				ENABLE_STRICT_OBJC_MSGSEND = YES;
				ENABLE_TESTABILITY = YES;
				GCC_C_LANGUAGE_STANDARD = gnu99;
				GCC_DYNAMIC_NO_PIC = NO;
				GCC_NO_COMMON_BLOCKS = YES;
				GCC_OPTIMIZATION_LEVEL = 0;
				GCC_PREPROCESSOR_DEFINITIONS = (
					"DEBUG=1",
					"$(inherited)",
				);
				GCC_WARN_64_TO_32_BIT_CONVERSION = YES;
				GCC_WARN_ABOUT_RETURN_TYPE = YES_ERROR;
				GCC_WARN_UNDECLARED_SELECTOR = YES;
				GCC_WARN_UNINITIALIZED_AUTOS = YES_AGGRESSIVE;
				GCC_WARN_UNUSED_FUNCTION = YES;
				GCC_WARN_UNUSED_VARIABLE = YES;
				IPHONEOS_DEPLOYMENT_TARGET = 9.3;
				MTL_ENABLE_DEBUG_INFO = YES;
				ONLY_ACTIVE_ARCH = YES;
				SDKROOT = iphoneos;
				SWIFT_OPTIMIZATION_LEVEL = "-Onone";
				TARGETED_DEVICE_FAMILY = "1,2";
			};
			name = Debug;
		};
		1179B45F1CEA0EF10077C57D /* Release */ = {
			isa = XCBuildConfiguration;
			buildSettings = {
				ALWAYS_SEARCH_USER_PATHS = NO;
				CLANG_ANALYZER_NONNULL = YES;
				CLANG_CXX_LANGUAGE_STANDARD = "gnu++0x";
				CLANG_CXX_LIBRARY = "libc++";
				CLANG_ENABLE_MODULES = YES;
				CLANG_ENABLE_OBJC_ARC = YES;
				CLANG_WARN_BOOL_CONVERSION = YES;
				CLANG_WARN_CONSTANT_CONVERSION = YES;
				CLANG_WARN_DIRECT_OBJC_ISA_USAGE = YES_ERROR;
				CLANG_WARN_EMPTY_BODY = YES;
				CLANG_WARN_ENUM_CONVERSION = YES;
				CLANG_WARN_INT_CONVERSION = YES;
				CLANG_WARN_OBJC_ROOT_CLASS = YES_ERROR;
				CLANG_WARN_UNREACHABLE_CODE = YES;
				CLANG_WARN__DUPLICATE_METHOD_MATCH = YES;
				"CODE_SIGN_IDENTITY[sdk=iphoneos*]" = "iPhone Developer";
				COPY_PHASE_STRIP = NO;
				DEBUG_INFORMATION_FORMAT = "dwarf-with-dsym";
				ENABLE_NS_ASSERTIONS = NO;
				ENABLE_STRICT_OBJC_MSGSEND = YES;
				GCC_C_LANGUAGE_STANDARD = gnu99;
				GCC_NO_COMMON_BLOCKS = YES;
				GCC_WARN_64_TO_32_BIT_CONVERSION = YES;
				GCC_WARN_ABOUT_RETURN_TYPE = YES_ERROR;
				GCC_WARN_UNDECLARED_SELECTOR = YES;
				GCC_WARN_UNINITIALIZED_AUTOS = YES_AGGRESSIVE;
				GCC_WARN_UNUSED_FUNCTION = YES;
				GCC_WARN_UNUSED_VARIABLE = YES;
				IPHONEOS_DEPLOYMENT_TARGET = 9.3;
				MTL_ENABLE_DEBUG_INFO = NO;
				SDKROOT = iphoneos;
				TARGETED_DEVICE_FAMILY = "1,2";
				VALIDATE_PRODUCT = YES;
			};
			name = Release;
		};
		1179B4611CEA0EF10077C57D /* Debug */ = {
			isa = XCBuildConfiguration;
			baseConfigurationReference = B753CFEB6C902D8A231148C5 /* Pods-ALPHACamp_finalAssessment_Q5.debug.xcconfig */;
			buildSettings = {
				ASSETCATALOG_COMPILER_APPICON_NAME = AppIcon;
				CODE_SIGN_IDENTITY = "iPhone Developer";
				INFOPLIST_FILE = ALPHACamp_finalAssessment_Q5/Info.plist;
				LD_RUNPATH_SEARCH_PATHS = "$(inherited) @executable_path/Frameworks";
				PRODUCT_BUNDLE_IDENTIFIER = "net.kahopoon.ALPHACamp-finalAssessment-Q5";
				PRODUCT_NAME = "$(TARGET_NAME)";
			};
			name = Debug;
		};
		1179B4621CEA0EF10077C57D /* Release */ = {
			isa = XCBuildConfiguration;
			baseConfigurationReference = FBE53631775863DC558B6719 /* Pods-ALPHACamp_finalAssessment_Q5.release.xcconfig */;
			buildSettings = {
				ASSETCATALOG_COMPILER_APPICON_NAME = AppIcon;
				CODE_SIGN_IDENTITY = "iPhone Developer";
				INFOPLIST_FILE = ALPHACamp_finalAssessment_Q5/Info.plist;
				LD_RUNPATH_SEARCH_PATHS = "$(inherited) @executable_path/Frameworks";
				PRODUCT_BUNDLE_IDENTIFIER = "net.kahopoon.ALPHACamp-finalAssessment-Q5";
				PRODUCT_NAME = "$(TARGET_NAME)";
			};
			name = Release;
		};
/* End XCBuildConfiguration section */

/* Begin XCConfigurationList section */
		1179B4491CEA0EF10077C57D /* Build configuration list for PBXProject "ALPHACamp_finalAssessment_Q5" */ = {
			isa = XCConfigurationList;
			buildConfigurations = (
				1179B45E1CEA0EF10077C57D /* Debug */,
				1179B45F1CEA0EF10077C57D /* Release */,
			);
			defaultConfigurationIsVisible = 0;
			defaultConfigurationName = Release;
		};
		1179B4601CEA0EF10077C57D /* Build configuration list for PBXNativeTarget "ALPHACamp_finalAssessment_Q5" */ = {
			isa = XCConfigurationList;
			buildConfigurations = (
				1179B4611CEA0EF10077C57D /* Debug */,
				1179B4621CEA0EF10077C57D /* Release */,
			);
			defaultConfigurationIsVisible = 0;
			defaultConfigurationName = Release;
		};
/* End XCConfigurationList section */
	};
	rootObject = 1179B4461CEA0EF10077C57D /* Project object */;
}
